
Microsoft Visual Studio Solution File, Format Version 12.00
# Visual Studio Version 17
VisualStudioVersion = 17.8.34309.116
MinimumVisualStudioVersion = 10.0.40219.1
Project("{9A19103F-16F7-4668-BE54-9A1E7A4F7556}") = "Lab2_2", "Lab2_1\Lab2_2.csproj", "{037DCFD2-08BF-4413-9119-9880D6F42D8D}"
EndProject
Global
	GlobalSection(SolutionConfigurationPlatforms) = preSolution
		Debug|Any CPU = Debug|Any CPU
		Release|Any CPU = Release|Any CPU
	EndGlobalSection
	GlobalSection(ProjectConfigurationPlatforms) = postSolution
		{037DCFD2-08BF-4413-9119-9880D6F42D8D}.Debug|Any CPU.ActiveCfg = Debug|Any CPU
		{037DCFD2-08BF-4413-9119-9880D6F42D8D}.Debug|Any CPU.Build.0 = Debug|Any CPU
		{037DCFD2-08BF-4413-9119-9880D6F42D8D}.Release|Any CPU.ActiveCfg = Release|Any CPU
		{037DCFD2-08BF-4413-9119-9880D6F42D8D}.Release|Any CPU.Build.0 = Release|Any CPU
	EndGlobalSection
	GlobalSection(SolutionProperties) = preSolution
		HideSolutionNode = FALSE
	EndGlobalSection
	GlobalSection(ExtensibilityGlobals) = postSolution
		SolutionGuid = {F5803ACE-9BDA-4CD9-9445-E16EDFAF0EFD}
	EndGlobalSection
EndGlobal
